
Microsoft Visual Studio Solution File, Format Version 10.00
# Visual C++ Express 2008
Project("{8BC9CEB8-8B4A-11D0-8D11-00A0C91BC942}") = "filelist", "misc\filelist.vcproj", "{DA1A1539-671B-4E70-BF6E-10EC6887FAF4}"
EndProject
Project("{8BC9CEB8-8B4A-11D0-8D11-00A0C91BC942}") = "intgen", "misc\intgen_win32\intgen.vcproj", "{378FBAED-0CA5-4CFB-ACF4-CCEDF8A4596E}"
EndProject
Project("{8BC9CEB8-8B4A-11D0-8D11-00A0C91BC942}") = "nyquist", "nyquist.vcproj", "{208E5158-7B25-4185-8D8E-5E5BFC2153EC}"
	ProjectSection(ProjectDependencies) = postProject
		{A02E8EC5-317C-42CD-9425-60BDDE09D833} = {A02E8EC5-317C-42CD-9425-60BDDE09D833}
		{FEA9D5D3-46BD-594F-85C6-F1380FD994A6} = {FEA9D5D3-46BD-594F-85C6-F1380FD994A6}
	EndProjectSection
EndProject
Project("{8BC9CEB8-8B4A-11D0-8D11-00A0C91BC942}") = "nyqwin", "nyqwin.vcproj", "{19DEEB57-B0BB-476A-9960-CE360A884906}"
	ProjectSection(ProjectDependencies) = postProject
		{A02E8EC5-317C-42CD-9425-60BDDE09D833} = {A02E8EC5-317C-42CD-9425-60BDDE09D833}
		{FEA9D5D3-46BD-594F-85C6-F1380FD994A6} = {FEA9D5D3-46BD-594F-85C6-F1380FD994A6}
	EndProjectSection
EndProject
Project("{8BC9CEB8-8B4A-11D0-8D11-00A0C91BC942}") = "packer", "misc\packer.vcproj", "{F40BCDEF-F66F-4FEB-9513-F7EFF29BFC93}"
EndProject
Project("{8BC9CEB8-8B4A-11D0-8D11-00A0C91BC942}") = "unpacker", "misc\unpacker.vcproj", "{E09240DC-CFBD-46BE-A6EA-2379C7502230}"
EndProject
Project("{8BC9CEB8-8B4A-11D0-8D11-00A0C91BC942}") = "osc-test-client", "liblo\test-client\osc-test-client.vcproj", "{22B02EA5-24F7-4F8D-8D8F-E066D80A0957}"
	ProjectSection(ProjectDependencies) = postProject
		{A02E8EC5-317C-42CD-9425-60BDDE09D833} = {A02E8EC5-317C-42CD-9425-60BDDE09D833}
		{FEA9D5D3-46BD-594F-85C6-F1380FD994A6} = {FEA9D5D3-46BD-594F-85C6-F1380FD994A6}
	EndProjectSection
EndProject
Project("{8BC9CEB8-8B4A-11D0-8D11-00A0C91BC942}") = "ser-to-osc", "liblo\ser-to-osc\ser-to-osc.vcproj", "{44736D55-68C4-496D-B08A-9C66844AE857}"
	ProjectSection(ProjectDependencies) = postProject
		{A02E8EC5-317C-42CD-9425-60BDDE09D833} = {A02E8EC5-317C-42CD-9425-60BDDE09D833}
		{FEA9D5D3-46BD-594F-85C6-F1380FD994A6} = {FEA9D5D3-46BD-594F-85C6-F1380FD994A6}
	EndProjectSection
EndProject
Project("{8BC9CEB8-8B4A-11D0-8D11-00A0C91BC942}") = "pthread", "liblo\pthreads.2\pthread.vcproj", "{A02E8EC5-317C-42CD-9425-60BDDE09D833}"
EndProject
Project("{8BC9CEB8-8B4A-11D0-8D11-00A0C91BC942}") = "liblo", "liblo\build\vs2008\liblo.vcproj", "{FEA9D5D3-46BD-594F-85C6-F1380FD994A6}"
	ProjectSection(ProjectDependencies) = postProject
		{A02E8EC5-317C-42CD-9425-60BDDE09D833} = {A02E8EC5-317C-42CD-9425-60BDDE09D833}
	EndProjectSection
EndProject
Global
	GlobalSection(SolutionConfigurationPlatforms) = preSolution
		Debug|Win32 = Debug|Win32
		DebugDLL|Win32 = DebugDLL|Win32
		DebugLib|Win32 = DebugLib|Win32
		Release|Win32 = Release|Win32
		ReleaseDLL|Win32 = ReleaseDLL|Win32
		ReleaseLib|Win32 = ReleaseLib|Win32
	EndGlobalSection
	GlobalSection(ProjectConfigurationPlatforms) = postSolution
		{DA1A1539-671B-4E70-BF6E-10EC6887FAF4}.Debug|Win32.ActiveCfg = Debug|Win32
		{DA1A1539-671B-4E70-BF6E-10EC6887FAF4}.Debug|Win32.Build.0 = Debug|Win32
		{DA1A1539-671B-4E70-BF6E-10EC6887FAF4}.DebugDLL|Win32.ActiveCfg = Debug|Win32
		{DA1A1539-671B-4E70-BF6E-10EC6887FAF4}.DebugDLL|Win32.Build.0 = Debug|Win32
		{DA1A1539-671B-4E70-BF6E-10EC6887FAF4}.DebugLib|Win32.ActiveCfg = Debug|Win32
		{DA1A1539-671B-4E70-BF6E-10EC6887FAF4}.DebugLib|Win32.Build.0 = Debug|Win32
		{DA1A1539-671B-4E70-BF6E-10EC6887FAF4}.Release|Win32.ActiveCfg = Release|Win32
		{DA1A1539-671B-4E70-BF6E-10EC6887FAF4}.Release|Win32.Build.0 = Release|Win32
		{DA1A1539-671B-4E70-BF6E-10EC6887FAF4}.ReleaseDLL|Win32.ActiveCfg = Release|Win32
		{DA1A1539-671B-4E70-BF6E-10EC6887FAF4}.ReleaseDLL|Win32.Build.0 = Release|Win32
		{DA1A1539-671B-4E70-BF6E-10EC6887FAF4}.ReleaseLib|Win32.ActiveCfg = Release|Win32
		{DA1A1539-671B-4E70-BF6E-10EC6887FAF4}.ReleaseLib|Win32.Build.0 = Release|Win32
		{378FBAED-0CA5-4CFB-ACF4-CCEDF8A4596E}.Debug|Win32.ActiveCfg = Debug|Win32
		{378FBAED-0CA5-4CFB-ACF4-CCEDF8A4596E}.Debug|Win32.Build.0 = Debug|Win32
		{378FBAED-0CA5-4CFB-ACF4-CCEDF8A4596E}.DebugDLL|Win32.ActiveCfg = Debug|Win32
		{378FBAED-0CA5-4CFB-ACF4-CCEDF8A4596E}.DebugDLL|Win32.Build.0 = Debug|Win32
		{378FBAED-0CA5-4CFB-ACF4-CCEDF8A4596E}.DebugLib|Win32.ActiveCfg = Debug|Win32
		{378FBAED-0CA5-4CFB-ACF4-CCEDF8A4596E}.DebugLib|Win32.Build.0 = Debug|Win32
		{378FBAED-0CA5-4CFB-ACF4-CCEDF8A4596E}.Release|Win32.ActiveCfg = Release|Win32
		{378FBAED-0CA5-4CFB-ACF4-CCEDF8A4596E}.Release|Win32.Build.0 = Release|Win32
		{378FBAED-0CA5-4CFB-ACF4-CCEDF8A4596E}.ReleaseDLL|Win32.ActiveCfg = Release|Win32
		{378FBAED-0CA5-4CFB-ACF4-CCEDF8A4596E}.ReleaseDLL|Win32.Build.0 = Release|Win32
		{378FBAED-0CA5-4CFB-ACF4-CCEDF8A4596E}.ReleaseLib|Win32.ActiveCfg = Release|Win32
		{378FBAED-0CA5-4CFB-ACF4-CCEDF8A4596E}.ReleaseLib|Win32.Build.0 = Release|Win32
		{208E5158-7B25-4185-8D8E-5E5BFC2153EC}.Debug|Win32.ActiveCfg = Debug|Win32
		{208E5158-7B25-4185-8D8E-5E5BFC2153EC}.Debug|Win32.Build.0 = Debug|Win32
		{208E5158-7B25-4185-8D8E-5E5BFC2153EC}.DebugDLL|Win32.ActiveCfg = Debug|Win32
		{208E5158-7B25-4185-8D8E-5E5BFC2153EC}.DebugDLL|Win32.Build.0 = Debug|Win32
		{208E5158-7B25-4185-8D8E-5E5BFC2153EC}.DebugLib|Win32.ActiveCfg = Debug|Win32
		{208E5158-7B25-4185-8D8E-5E5BFC2153EC}.DebugLib|Win32.Build.0 = Debug|Win32
		{208E5158-7B25-4185-8D8E-5E5BFC2153EC}.Release|Win32.ActiveCfg = Release|Win32
		{208E5158-7B25-4185-8D8E-5E5BFC2153EC}.Release|Win32.Build.0 = Release|Win32
		{208E5158-7B25-4185-8D8E-5E5BFC2153EC}.ReleaseDLL|Win32.ActiveCfg = Release|Win32
		{208E5158-7B25-4185-8D8E-5E5BFC2153EC}.ReleaseDLL|Win32.Build.0 = Release|Win32
		{208E5158-7B25-4185-8D8E-5E5BFC2153EC}.ReleaseLib|Win32.ActiveCfg = Release|Win32
		{208E5158-7B25-4185-8D8E-5E5BFC2153EC}.ReleaseLib|Win32.Build.0 = Release|Win32
		{19DEEB57-B0BB-476A-9960-CE360A884906}.Debug|Win32.ActiveCfg = Debug|Win32
		{19DEEB57-B0BB-476A-9960-CE360A884906}.Debug|Win32.Build.0 = Debug|Win32
		{19DEEB57-B0BB-476A-9960-CE360A884906}.DebugDLL|Win32.ActiveCfg = Debug|Win32
		{19DEEB57-B0BB-476A-9960-CE360A884906}.DebugDLL|Win32.Build.0 = Debug|Win32
		{19DEEB57-B0BB-476A-9960-CE360A884906}.DebugLib|Win32.ActiveCfg = Debug|Win32
		{19DEEB57-B0BB-476A-9960-CE360A884906}.DebugLib|Win32.Build.0 = Debug|Win32
		{19DEEB57-B0BB-476A-9960-CE360A884906}.Release|Win32.ActiveCfg = Release|Win32
		{19DEEB57-B0BB-476A-9960-CE360A884906}.Release|Win32.Build.0 = Release|Win32
		{19DEEB57-B0BB-476A-9960-CE360A884906}.ReleaseDLL|Win32.ActiveCfg = Release|Win32
		{19DEEB57-B0BB-476A-9960-CE360A884906}.ReleaseDLL|Win32.Build.0 = Release|Win32
		{19DEEB57-B0BB-476A-9960-CE360A884906}.ReleaseLib|Win32.ActiveCfg = Release|Win32
		{19DEEB57-B0BB-476A-9960-CE360A884906}.ReleaseLib|Win32.Build.0 = Release|Win32
		{F40BCDEF-F66F-4FEB-9513-F7EFF29BFC93}.Debug|Win32.ActiveCfg = Debug|Win32
		{F40BCDEF-F66F-4FEB-9513-F7EFF29BFC93}.Debug|Win32.Build.0 = Debug|Win32
		{F40BCDEF-F66F-4FEB-9513-F7EFF29BFC93}.DebugDLL|Win32.ActiveCfg = Debug|Win32
		{F40BCDEF-F66F-4FEB-9513-F7EFF29BFC93}.DebugDLL|Win32.Build.0 = Debug|Win32
		{F40BCDEF-F66F-4FEB-9513-F7EFF29BFC93}.DebugLib|Win32.ActiveCfg = Debug|Win32
		{F40BCDEF-F66F-4FEB-9513-F7EFF29BFC93}.DebugLib|Win32.Build.0 = Debug|Win32
		{F40BCDEF-F66F-4FEB-9513-F7EFF29BFC93}.Release|Win32.ActiveCfg = Release|Win32
		{F40BCDEF-F66F-4FEB-9513-F7EFF29BFC93}.Release|Win32.Build.0 = Release|Win32
		{F40BCDEF-F66F-4FEB-9513-F7EFF29BFC93}.ReleaseDLL|Win32.ActiveCfg = Release|Win32
		{F40BCDEF-F66F-4FEB-9513-F7EFF29BFC93}.ReleaseDLL|Win32.Build.0 = Release|Win32
		{F40BCDEF-F66F-4FEB-9513-F7EFF29BFC93}.ReleaseLib|Win32.ActiveCfg = Release|Win32
		{F40BCDEF-F66F-4FEB-9513-F7EFF29BFC93}.ReleaseLib|Win32.Build.0 = Release|Win32
		{E09240DC-CFBD-46BE-A6EA-2379C7502230}.Debug|Win32.ActiveCfg = Debug|Win32
		{E09240DC-CFBD-46BE-A6EA-2379C7502230}.Debug|Win32.Build.0 = Debug|Win32
		{E09240DC-CFBD-46BE-A6EA-2379C7502230}.DebugDLL|Win32.ActiveCfg = Debug|Win32
		{E09240DC-CFBD-46BE-A6EA-2379C7502230}.DebugDLL|Win32.Build.0 = Debug|Win32
		{E09240DC-CFBD-46BE-A6EA-2379C7502230}.DebugLib|Win32.ActiveCfg = Debug|Win32
		{E09240DC-CFBD-46BE-A6EA-2379C7502230}.DebugLib|Win32.Build.0 = Debug|Win32
		{E09240DC-CFBD-46BE-A6EA-2379C7502230}.Release|Win32.ActiveCfg = Release|Win32
		{E09240DC-CFBD-46BE-A6EA-2379C7502230}.Release|Win32.Build.0 = Release|Win32
		{E09240DC-CFBD-46BE-A6EA-2379C7502230}.ReleaseDLL|Win32.ActiveCfg = Release|Win32
		{E09240DC-CFBD-46BE-A6EA-2379C7502230}.ReleaseDLL|Win32.Build.0 = Release|Win32
		{E09240DC-CFBD-46BE-A6EA-2379C7502230}.ReleaseLib|Win32.ActiveCfg = Release|Win32
		{E09240DC-CFBD-46BE-A6EA-2379C7502230}.ReleaseLib|Win32.Build.0 = Release|Win32
		{22B02EA5-24F7-4F8D-8D8F-E066D80A0957}.Debug|Win32.ActiveCfg = Debug|Win32
		{22B02EA5-24F7-4F8D-8D8F-E066D80A0957}.Debug|Win32.Build.0 = Debug|Win32
		{22B02EA5-24F7-4F8D-8D8F-E066D80A0957}.DebugDLL|Win32.ActiveCfg = Debug|Win32
		{22B02EA5-24F7-4F8D-8D8F-E066D80A0957}.DebugDLL|Win32.Build.0 = Debug|Win32
		{22B02EA5-24F7-4F8D-8D8F-E066D80A0957}.DebugLib|Win32.ActiveCfg = Debug|Win32
		{22B02EA5-24F7-4F8D-8D8F-E066D80A0957}.DebugLib|Win32.Build.0 = Debug|Win32
		{22B02EA5-24F7-4F8D-8D8F-E066D80A0957}.Release|Win32.ActiveCfg = Release|Win32
		{22B02EA5-24F7-4F8D-8D8F-E066D80A0957}.Release|Win32.Build.0 = Release|Win32
		{22B02EA5-24F7-4F8D-8D8F-E066D80A0957}.ReleaseDLL|Win32.ActiveCfg = Release|Win32
		{22B02EA5-24F7-4F8D-8D8F-E066D80A0957}.ReleaseDLL|Win32.Build.0 = Release|Win32
		{22B02EA5-24F7-4F8D-8D8F-E066D80A0957}.ReleaseLib|Win32.ActiveCfg = Release|Win32
		{22B02EA5-24F7-4F8D-8D8F-E066D80A0957}.ReleaseLib|Win32.Build.0 = Release|Win32
		{44736D55-68C4-496D-B08A-9C66844AE857}.Debug|Win32.ActiveCfg = Debug|Win32
		{44736D55-68C4-496D-B08A-9C66844AE857}.Debug|Win32.Build.0 = Debug|Win32
		{44736D55-68C4-496D-B08A-9C66844AE857}.DebugDLL|Win32.ActiveCfg = Debug|Win32
		{44736D55-68C4-496D-B08A-9C66844AE857}.DebugDLL|Win32.Build.0 = Debug|Win32
		{44736D55-68C4-496D-B08A-9C66844AE857}.DebugLib|Win32.ActiveCfg = Debug|Win32
		{44736D55-68C4-496D-B08A-9C66844AE857}.DebugLib|Win32.Build.0 = Debug|Win32
		{44736D55-68C4-496D-B08A-9C66844AE857}.Release|Win32.ActiveCfg = Release|Win32
		{44736D55-68C4-496D-B08A-9C66844AE857}.Release|Win32.Build.0 = Release|Win32
		{44736D55-68C4-496D-B08A-9C66844AE857}.ReleaseDLL|Win32.ActiveCfg = Release|Win32
		{44736D55-68C4-496D-B08A-9C66844AE857}.ReleaseDLL|Win32.Build.0 = Release|Win32
		{44736D55-68C4-496D-B08A-9C66844AE857}.ReleaseLib|Win32.ActiveCfg = Release|Win32
		{44736D55-68C4-496D-B08A-9C66844AE857}.ReleaseLib|Win32.Build.0 = Release|Win32
		{A02E8EC5-317C-42CD-9425-60BDDE09D833}.Debug|Win32.ActiveCfg = Debug|Win32
		{A02E8EC5-317C-42CD-9425-60BDDE09D833}.Debug|Win32.Build.0 = Debug|Win32
		{A02E8EC5-317C-42CD-9425-60BDDE09D833}.DebugDLL|Win32.ActiveCfg = Debug|Win32
		{A02E8EC5-317C-42CD-9425-60BDDE09D833}.DebugDLL|Win32.Build.0 = Debug|Win32
		{A02E8EC5-317C-42CD-9425-60BDDE09D833}.DebugLib|Win32.ActiveCfg = Debug|Win32
		{A02E8EC5-317C-42CD-9425-60BDDE09D833}.DebugLib|Win32.Build.0 = Debug|Win32
		{A02E8EC5-317C-42CD-9425-60BDDE09D833}.Release|Win32.ActiveCfg = Release|Win32
		{A02E8EC5-317C-42CD-9425-60BDDE09D833}.Release|Win32.Build.0 = Release|Win32
		{A02E8EC5-317C-42CD-9425-60BDDE09D833}.ReleaseDLL|Win32.ActiveCfg = Release|Win32
		{A02E8EC5-317C-42CD-9425-60BDDE09D833}.ReleaseDLL|Win32.Build.0 = Release|Win32
		{A02E8EC5-317C-42CD-9425-60BDDE09D833}.ReleaseLib|Win32.ActiveCfg = Release|Win32
		{A02E8EC5-317C-42CD-9425-60BDDE09D833}.ReleaseLib|Win32.Build.0 = Release|Win32
		{FEA9D5D3-46BD-594F-85C6-F1380FD994A6}.Debug|Win32.ActiveCfg = Debug|Win32
		{FEA9D5D3-46BD-594F-85C6-F1380FD994A6}.Debug|Win32.Build.0 = Debug|Win32
		{FEA9D5D3-46BD-594F-85C6-F1380FD994A6}.DebugDLL|Win32.ActiveCfg = Debug|Win32
		{FEA9D5D3-46BD-594F-85C6-F1380FD994A6}.DebugDLL|Win32.Build.0 = Debug|Win32
		{FEA9D5D3-46BD-594F-85C6-F1380FD994A6}.DebugLib|Win32.ActiveCfg = Debug|Win32
		{FEA9D5D3-46BD-594F-85C6-F1380FD994A6}.DebugLib|Win32.Build.0 = Debug|Win32
		{FEA9D5D3-46BD-594F-85C6-F1380FD994A6}.Release|Win32.ActiveCfg = Release|Win32
		{FEA9D5D3-46BD-594F-85C6-F1380FD994A6}.Release|Win32.Build.0 = Release|Win32
		{FEA9D5D3-46BD-594F-85C6-F1380FD994A6}.ReleaseDLL|Win32.ActiveCfg = Release|Win32
		{FEA9D5D3-46BD-594F-85C6-F1380FD994A6}.ReleaseDLL|Win32.Build.0 = Release|Win32
		{FEA9D5D3-46BD-594F-85C6-F1380FD994A6}.ReleaseLib|Win32.ActiveCfg = Release|Win32
		{FEA9D5D3-46BD-594F-85C6-F1380FD994A6}.ReleaseLib|Win32.Build.0 = Release|Win32
	EndGlobalSection
	GlobalSection(SolutionProperties) = preSolution
		HideSolutionNode = FALSE
	EndGlobalSection
EndGlobal
