
Microsoft Visual Studio Solution File, Format Version 11.00
# Visual C++ Express 2010
Project("{8BC9CEB8-8B4A-11D0-8D11-00A0C91BC942}") = "liblo_static", "liblo\build\vc2010\liblo.vcxproj", "{FEA9D5D3-46BD-594F-85C6-F1380FD994A6}"
EndProject
Project("{8BC9CEB8-8B4A-11D0-8D11-00A0C91BC942}") = "intgen", "misc\vc2010\intgen.vcxproj", "{378FBAED-0CA5-4CFB-ACF4-CCEDF8A4596E}"
EndProject
Project("{8BC9CEB8-8B4A-11D0-8D11-00A0C91BC942}") = "libvorbis_static", "libvorbis\win32\vc2010\libvorbis\libvorbis_static.vcxproj", "{3A214E06-B95E-4D61-A291-1F8DF2EC10FD}"
EndProject
Project("{8BC9CEB8-8B4A-11D0-8D11-00A0C91BC942}") = "libvorbisfile_static", "libvorbis\win32\vc2010\libvorbisfile\libvorbisfile_static.vcxproj", "{CEBDE98B-A6AA-46E6-BC79-FAAF823DB9EC}"
EndProject
Project("{8BC9CEB8-8B4A-11D0-8D11-00A0C91BC942}") = "nyquist", "sys\win\vc2010\nyquist.vcxproj", "{208E5158-7B25-4185-8D8E-5E5BFC2153EC}"
	ProjectSection(ProjectDependencies) = postProject
		{3A214E06-B95E-4D61-A291-1F8DF2EC10FD} = {3A214E06-B95E-4D61-A291-1F8DF2EC10FD}
		{4CEFBC84-C215-11DB-8314-0800200C9A66} = {4CEFBC84-C215-11DB-8314-0800200C9A66}
		{CEBDE98B-A6AA-46E6-BC79-FAAF823DB9EC} = {CEBDE98B-A6AA-46E6-BC79-FAAF823DB9EC}
		{A02E8EC5-317C-42CD-9425-60BDDE09D833} = {A02E8EC5-317C-42CD-9425-60BDDE09D833}
		{FEA9D5D3-46BD-594F-85C6-F1380FD994A6} = {FEA9D5D3-46BD-594F-85C6-F1380FD994A6}
		{15CBFEFF-7965-41F5-B4E2-21E8795C9159} = {15CBFEFF-7965-41F5-B4E2-21E8795C9159}
	EndProjectSection
EndProject
Project("{8BC9CEB8-8B4A-11D0-8D11-00A0C91BC942}") = "osc-test-client", "liblo\test-client\vc2010\osc-test-client.vcxproj", "{22B02EA5-24F7-4F8D-8D8F-E066D80A0957}"
	ProjectSection(ProjectDependencies) = postProject
		{A02E8EC5-317C-42CD-9425-60BDDE09D833} = {A02E8EC5-317C-42CD-9425-60BDDE09D833}
		{FEA9D5D3-46BD-594F-85C6-F1380FD994A6} = {FEA9D5D3-46BD-594F-85C6-F1380FD994A6}
	EndProjectSection
EndProject
Project("{8BC9CEB8-8B4A-11D0-8D11-00A0C91BC942}") = "ser-to-osc", "liblo\ser-to-osc\vc2010\ser-to-osc.vcxproj", "{44736D55-68C4-496D-B08A-9C66844AE857}"
	ProjectSection(ProjectDependencies) = postProject
		{A02E8EC5-317C-42CD-9425-60BDDE09D833} = {A02E8EC5-317C-42CD-9425-60BDDE09D833}
		{FEA9D5D3-46BD-594F-85C6-F1380FD994A6} = {FEA9D5D3-46BD-594F-85C6-F1380FD994A6}
	EndProjectSection
EndProject
Project("{8BC9CEB8-8B4A-11D0-8D11-00A0C91BC942}") = "pthread_static", "liblo\pthreads.2\vc2010\pthread.vcxproj", "{A02E8EC5-317C-42CD-9425-60BDDE09D833}"
EndProject
Project("{8BC9CEB8-8B4A-11D0-8D11-00A0C91BC942}") = "libogg_static", "libogg\win32\vc2010\libogg_static.vcxproj", "{15CBFEFF-7965-41F5-B4E2-21E8795C9159}"
EndProject
Project("{8BC9CEB8-8B4A-11D0-8D11-00A0C91BC942}") = "libFLAC_static", "FLAC\src\libFLAC\libFLAC_static.vcxproj", "{4CEFBC84-C215-11DB-8314-0800200C9A66}"
EndProject
Global
	GlobalSection(SolutionConfigurationPlatforms) = preSolution
		Debug|Win32 = Debug|Win32
		Release|Win32 = Release|Win32
		Template|Win32 = Template|Win32
	EndGlobalSection
	GlobalSection(ProjectConfigurationPlatforms) = postSolution
		{FEA9D5D3-46BD-594F-85C6-F1380FD994A6}.Debug|Win32.ActiveCfg = Debug|Win32
		{FEA9D5D3-46BD-594F-85C6-F1380FD994A6}.Debug|Win32.Build.0 = Debug|Win32
		{FEA9D5D3-46BD-594F-85C6-F1380FD994A6}.Release|Win32.ActiveCfg = Release|Win32
		{FEA9D5D3-46BD-594F-85C6-F1380FD994A6}.Release|Win32.Build.0 = Release|Win32
		{FEA9D5D3-46BD-594F-85C6-F1380FD994A6}.Template|Win32.ActiveCfg = Release|Win32
		{FEA9D5D3-46BD-594F-85C6-F1380FD994A6}.Template|Win32.Build.0 = Release|Win32
		{378FBAED-0CA5-4CFB-ACF4-CCEDF8A4596E}.Debug|Win32.ActiveCfg = Debug|Win32
		{378FBAED-0CA5-4CFB-ACF4-CCEDF8A4596E}.Debug|Win32.Build.0 = Debug|Win32
		{378FBAED-0CA5-4CFB-ACF4-CCEDF8A4596E}.Release|Win32.ActiveCfg = Release|Win32
		{378FBAED-0CA5-4CFB-ACF4-CCEDF8A4596E}.Release|Win32.Build.0 = Release|Win32
		{378FBAED-0CA5-4CFB-ACF4-CCEDF8A4596E}.Template|Win32.ActiveCfg = Release|Win32
		{378FBAED-0CA5-4CFB-ACF4-CCEDF8A4596E}.Template|Win32.Build.0 = Release|Win32
		{3A214E06-B95E-4D61-A291-1F8DF2EC10FD}.Debug|Win32.ActiveCfg = Debug|Win32
		{3A214E06-B95E-4D61-A291-1F8DF2EC10FD}.Debug|Win32.Build.0 = Debug|Win32
		{3A214E06-B95E-4D61-A291-1F8DF2EC10FD}.Release|Win32.ActiveCfg = Release|Win32
		{3A214E06-B95E-4D61-A291-1F8DF2EC10FD}.Release|Win32.Build.0 = Release|Win32
		{3A214E06-B95E-4D61-A291-1F8DF2EC10FD}.Template|Win32.ActiveCfg = Release|Win32
		{3A214E06-B95E-4D61-A291-1F8DF2EC10FD}.Template|Win32.Build.0 = Release|Win32
		{CEBDE98B-A6AA-46E6-BC79-FAAF823DB9EC}.Debug|Win32.ActiveCfg = Debug|Win32
		{CEBDE98B-A6AA-46E6-BC79-FAAF823DB9EC}.Debug|Win32.Build.0 = Debug|Win32
		{CEBDE98B-A6AA-46E6-BC79-FAAF823DB9EC}.Release|Win32.ActiveCfg = Release|Win32
		{CEBDE98B-A6AA-46E6-BC79-FAAF823DB9EC}.Release|Win32.Build.0 = Release|Win32
		{CEBDE98B-A6AA-46E6-BC79-FAAF823DB9EC}.Template|Win32.ActiveCfg = Release|Win32
		{CEBDE98B-A6AA-46E6-BC79-FAAF823DB9EC}.Template|Win32.Build.0 = Release|Win32
		{208E5158-7B25-4185-8D8E-5E5BFC2153EC}.Debug|Win32.ActiveCfg = Debug|Win32
		{208E5158-7B25-4185-8D8E-5E5BFC2153EC}.Debug|Win32.Build.0 = Debug|Win32
		{208E5158-7B25-4185-8D8E-5E5BFC2153EC}.Release|Win32.ActiveCfg = Release|Win32
		{208E5158-7B25-4185-8D8E-5E5BFC2153EC}.Release|Win32.Build.0 = Release|Win32
		{208E5158-7B25-4185-8D8E-5E5BFC2153EC}.Template|Win32.ActiveCfg = Release|Win32
		{208E5158-7B25-4185-8D8E-5E5BFC2153EC}.Template|Win32.Build.0 = Release|Win32
		{22B02EA5-24F7-4F8D-8D8F-E066D80A0957}.Debug|Win32.ActiveCfg = Debug|Win32
		{22B02EA5-24F7-4F8D-8D8F-E066D80A0957}.Debug|Win32.Build.0 = Debug|Win32
		{22B02EA5-24F7-4F8D-8D8F-E066D80A0957}.Release|Win32.ActiveCfg = Release|Win32
		{22B02EA5-24F7-4F8D-8D8F-E066D80A0957}.Release|Win32.Build.0 = Release|Win32
		{22B02EA5-24F7-4F8D-8D8F-E066D80A0957}.Template|Win32.ActiveCfg = Release|Win32
		{22B02EA5-24F7-4F8D-8D8F-E066D80A0957}.Template|Win32.Build.0 = Release|Win32
		{44736D55-68C4-496D-B08A-9C66844AE857}.Debug|Win32.ActiveCfg = Debug|Win32
		{44736D55-68C4-496D-B08A-9C66844AE857}.Debug|Win32.Build.0 = Debug|Win32
		{44736D55-68C4-496D-B08A-9C66844AE857}.Release|Win32.ActiveCfg = Release|Win32
		{44736D55-68C4-496D-B08A-9C66844AE857}.Release|Win32.Build.0 = Release|Win32
		{44736D55-68C4-496D-B08A-9C66844AE857}.Template|Win32.ActiveCfg = Release|Win32
		{44736D55-68C4-496D-B08A-9C66844AE857}.Template|Win32.Build.0 = Release|Win32
		{A02E8EC5-317C-42CD-9425-60BDDE09D833}.Debug|Win32.ActiveCfg = Debug|Win32
		{A02E8EC5-317C-42CD-9425-60BDDE09D833}.Debug|Win32.Build.0 = Debug|Win32
		{A02E8EC5-317C-42CD-9425-60BDDE09D833}.Release|Win32.ActiveCfg = Release|Win32
		{A02E8EC5-317C-42CD-9425-60BDDE09D833}.Release|Win32.Build.0 = Release|Win32
		{A02E8EC5-317C-42CD-9425-60BDDE09D833}.Template|Win32.ActiveCfg = Release|Win32
		{A02E8EC5-317C-42CD-9425-60BDDE09D833}.Template|Win32.Build.0 = Release|Win32
		{15CBFEFF-7965-41F5-B4E2-21E8795C9159}.Debug|Win32.ActiveCfg = Debug|Win32
		{15CBFEFF-7965-41F5-B4E2-21E8795C9159}.Debug|Win32.Build.0 = Debug|Win32
		{15CBFEFF-7965-41F5-B4E2-21E8795C9159}.Release|Win32.ActiveCfg = Release|Win32
		{15CBFEFF-7965-41F5-B4E2-21E8795C9159}.Release|Win32.Build.0 = Release|Win32
		{15CBFEFF-7965-41F5-B4E2-21E8795C9159}.Template|Win32.ActiveCfg = Release|Win32
		{15CBFEFF-7965-41F5-B4E2-21E8795C9159}.Template|Win32.Build.0 = Release|Win32
		{4CEFBC84-C215-11DB-8314-0800200C9A66}.Debug|Win32.ActiveCfg = Debug|Win32
		{4CEFBC84-C215-11DB-8314-0800200C9A66}.Debug|Win32.Build.0 = Debug|Win32
		{4CEFBC84-C215-11DB-8314-0800200C9A66}.Release|Win32.ActiveCfg = Release|Win32
		{4CEFBC84-C215-11DB-8314-0800200C9A66}.Release|Win32.Build.0 = Release|Win32
		{4CEFBC84-C215-11DB-8314-0800200C9A66}.Template|Win32.ActiveCfg = Template|Win32
		{4CEFBC84-C215-11DB-8314-0800200C9A66}.Template|Win32.Build.0 = Template|Win32
	EndGlobalSection
	GlobalSection(SolutionProperties) = preSolution
		HideSolutionNode = FALSE
	EndGlobalSection
EndGlobal
